
Microsoft Visual Studio Solution File, Format Version 12.00
# Visual Studio Version 16
VisualStudioVersion = 16.0.30717.126
MinimumVisualStudioVersion = 10.0.40219.1
Project("{9A19103F-16F7-4668-BE54-9A1E7A4F7556}") = "TestPloomes.Core", "TestPloomes.Core\TestPloomes.Core.csproj", "{AD0E7FC3-FE25-4FE8-9D56-E9268224E455}"
EndProject
Project("{FAE04EC0-301F-11D3-BF4B-00C04F79EFBC}") = "TestPloomes.Data", "TestPloomes.Data\TestPloomes.Data.csproj", "{16D12F29-C771-4DB9-B7CE-5E3173A54D70}"
EndProject
Project("{FAE04EC0-301F-11D3-BF4B-00C04F79EFBC}") = "TestPloomes.Services", "TestPloomes.Services\TestPloomes.Services.csproj", "{352D6144-8A9B-45BD-853B-21D7C42A3616}"
EndProject
Project("{FAE04EC0-301F-11D3-BF4B-00C04F79EFBC}") = "TestPloomes.Views", "TestPloomes.Views\TestPloomes.Views.csproj", "{740B8D2C-7A91-4E20-9EF1-4EE36C06EF33}"
EndProject
Project("{FAE04EC0-301F-11D3-BF4B-00C04F79EFBC}") = "TestPloomes.Test", "TestPloomes.Test\TestPloomes.Test.csproj", "{39BDFC59-7106-4B0B-A37D-2DDC3D608A2A}"
EndProject
Project("{FAE04EC0-301F-11D3-BF4B-00C04F79EFBC}") = "Tools", "Tools\Tools.csproj", "{07CD44EE-F16B-44DD-9BD6-19995EFAD17D}"
EndProject
Project("{FAE04EC0-301F-11D3-BF4B-00C04F79EFBC}") = "TestPloomes.Api", "TestPloomes.Api\TestPloomes.Api.csproj", "{429825AB-7ACC-4F69-A2B3-AF26B8741F73}"
EndProject
Global
	GlobalSection(SolutionConfigurationPlatforms) = preSolution
		Debug|Any CPU = Debug|Any CPU
		Release|Any CPU = Release|Any CPU
	EndGlobalSection
	GlobalSection(ProjectConfigurationPlatforms) = postSolution
		{AD0E7FC3-FE25-4FE8-9D56-E9268224E455}.Debug|Any CPU.ActiveCfg = Debug|Any CPU
		{AD0E7FC3-FE25-4FE8-9D56-E9268224E455}.Debug|Any CPU.Build.0 = Debug|Any CPU
		{AD0E7FC3-FE25-4FE8-9D56-E9268224E455}.Release|Any CPU.ActiveCfg = Release|Any CPU
		{AD0E7FC3-FE25-4FE8-9D56-E9268224E455}.Release|Any CPU.Build.0 = Release|Any CPU
		{16D12F29-C771-4DB9-B7CE-5E3173A54D70}.Debug|Any CPU.ActiveCfg = Debug|Any CPU
		{16D12F29-C771-4DB9-B7CE-5E3173A54D70}.Debug|Any CPU.Build.0 = Debug|Any CPU
		{16D12F29-C771-4DB9-B7CE-5E3173A54D70}.Release|Any CPU.ActiveCfg = Release|Any CPU
		{16D12F29-C771-4DB9-B7CE-5E3173A54D70}.Release|Any CPU.Build.0 = Release|Any CPU
		{352D6144-8A9B-45BD-853B-21D7C42A3616}.Debug|Any CPU.ActiveCfg = Debug|Any CPU
		{352D6144-8A9B-45BD-853B-21D7C42A3616}.Debug|Any CPU.Build.0 = Debug|Any CPU
		{352D6144-8A9B-45BD-853B-21D7C42A3616}.Release|Any CPU.ActiveCfg = Release|Any CPU
		{352D6144-8A9B-45BD-853B-21D7C42A3616}.Release|Any CPU.Build.0 = Release|Any CPU
		{740B8D2C-7A91-4E20-9EF1-4EE36C06EF33}.Debug|Any CPU.ActiveCfg = Debug|Any CPU
		{740B8D2C-7A91-4E20-9EF1-4EE36C06EF33}.Debug|Any CPU.Build.0 = Debug|Any CPU
		{740B8D2C-7A91-4E20-9EF1-4EE36C06EF33}.Release|Any CPU.ActiveCfg = Release|Any CPU
		{740B8D2C-7A91-4E20-9EF1-4EE36C06EF33}.Release|Any CPU.Build.0 = Release|Any CPU
		{39BDFC59-7106-4B0B-A37D-2DDC3D608A2A}.Debug|Any CPU.ActiveCfg = Debug|Any CPU
		{39BDFC59-7106-4B0B-A37D-2DDC3D608A2A}.Debug|Any CPU.Build.0 = Debug|Any CPU
		{39BDFC59-7106-4B0B-A37D-2DDC3D608A2A}.Release|Any CPU.ActiveCfg = Release|Any CPU
		{39BDFC59-7106-4B0B-A37D-2DDC3D608A2A}.Release|Any CPU.Build.0 = Release|Any CPU
		{07CD44EE-F16B-44DD-9BD6-19995EFAD17D}.Debug|Any CPU.ActiveCfg = Debug|Any CPU
		{07CD44EE-F16B-44DD-9BD6-19995EFAD17D}.Debug|Any CPU.Build.0 = Debug|Any CPU
		{07CD44EE-F16B-44DD-9BD6-19995EFAD17D}.Release|Any CPU.ActiveCfg = Release|Any CPU
		{07CD44EE-F16B-44DD-9BD6-19995EFAD17D}.Release|Any CPU.Build.0 = Release|Any CPU
		{429825AB-7ACC-4F69-A2B3-AF26B8741F73}.Debug|Any CPU.ActiveCfg = Debug|Any CPU
		{429825AB-7ACC-4F69-A2B3-AF26B8741F73}.Debug|Any CPU.Build.0 = Debug|Any CPU
		{429825AB-7ACC-4F69-A2B3-AF26B8741F73}.Release|Any CPU.ActiveCfg = Release|Any CPU
		{429825AB-7ACC-4F69-A2B3-AF26B8741F73}.Release|Any CPU.Build.0 = Release|Any CPU
	EndGlobalSection
	GlobalSection(SolutionProperties) = preSolution
		HideSolutionNode = FALSE
	EndGlobalSection
	GlobalSection(ExtensibilityGlobals) = postSolution
		SolutionGuid = {2F325A73-2372-4591-89A5-17C88201D21A}
	EndGlobalSection
EndGlobal
